
Microsoft Visual Studio Solution File, Format Version 12.00
# Visual Studio 15
VisualStudioVersion = 15.0.28010.2036
MinimumVisualStudioVersion = 10.0.40219.1
Project("{FAE04EC0-301F-11D3-BF4B-00C04F79EFBC}") = "CQRS_Demo.Android", "CQRS_Demo\CQRS_Demo.Android\CQRS_Demo.Android.csproj", "{4C2E6967-FA23-4E3C-9878-95C79013A19F}"
EndProject
Project("{FAE04EC0-301F-11D3-BF4B-00C04F79EFBC}") = "CQRS_Demo", "CQRS_Demo\CQRS_Demo\CQRS_Demo.csproj", "{62F1E058-5CD9-4A47-B06F-DCCBA7FFD197}"
EndProject
Project("{FAE04EC0-301F-11D3-BF4B-00C04F79EFBC}") = "Organization", "Organization\Organization.csproj", "{BBDB969D-30A3-4966-A586-26813C20C521}"
EndProject
Project("{FAE04EC0-301F-11D3-BF4B-00C04F79EFBC}") = "CQRS_Demo.Tests", "CQRS_Demo.Tests\CQRS_Demo.Tests.csproj", "{242331D3-30FC-4C82-AEC9-057EA4A556E2}"
EndProject
Global
	GlobalSection(SolutionConfigurationPlatforms) = preSolution
		Debug|Any CPU = Debug|Any CPU
		Release|Any CPU = Release|Any CPU
	EndGlobalSection
	GlobalSection(ProjectConfigurationPlatforms) = postSolution
		{4C2E6967-FA23-4E3C-9878-95C79013A19F}.Debug|Any CPU.ActiveCfg = Debug|Any CPU
		{4C2E6967-FA23-4E3C-9878-95C79013A19F}.Debug|Any CPU.Build.0 = Debug|Any CPU
		{4C2E6967-FA23-4E3C-9878-95C79013A19F}.Debug|Any CPU.Deploy.0 = Debug|Any CPU
		{4C2E6967-FA23-4E3C-9878-95C79013A19F}.Release|Any CPU.ActiveCfg = Release|Any CPU
		{4C2E6967-FA23-4E3C-9878-95C79013A19F}.Release|Any CPU.Build.0 = Release|Any CPU
		{4C2E6967-FA23-4E3C-9878-95C79013A19F}.Release|Any CPU.Deploy.0 = Release|Any CPU
		{62F1E058-5CD9-4A47-B06F-DCCBA7FFD197}.Debug|Any CPU.ActiveCfg = Debug|Any CPU
		{62F1E058-5CD9-4A47-B06F-DCCBA7FFD197}.Debug|Any CPU.Build.0 = Debug|Any CPU
		{62F1E058-5CD9-4A47-B06F-DCCBA7FFD197}.Debug|Any CPU.Deploy.0 = Debug|Any CPU
		{62F1E058-5CD9-4A47-B06F-DCCBA7FFD197}.Release|Any CPU.ActiveCfg = Release|Any CPU
		{62F1E058-5CD9-4A47-B06F-DCCBA7FFD197}.Release|Any CPU.Build.0 = Release|Any CPU
		{62F1E058-5CD9-4A47-B06F-DCCBA7FFD197}.Release|Any CPU.Deploy.0 = Release|Any CPU
		{BBDB969D-30A3-4966-A586-26813C20C521}.Debug|Any CPU.ActiveCfg = Debug|Any CPU
		{BBDB969D-30A3-4966-A586-26813C20C521}.Debug|Any CPU.Build.0 = Debug|Any CPU
		{BBDB969D-30A3-4966-A586-26813C20C521}.Release|Any CPU.ActiveCfg = Release|Any CPU
		{BBDB969D-30A3-4966-A586-26813C20C521}.Release|Any CPU.Build.0 = Release|Any CPU
		{242331D3-30FC-4C82-AEC9-057EA4A556E2}.Debug|Any CPU.ActiveCfg = Debug|Any CPU
		{242331D3-30FC-4C82-AEC9-057EA4A556E2}.Debug|Any CPU.Build.0 = Debug|Any CPU
		{242331D3-30FC-4C82-AEC9-057EA4A556E2}.Release|Any CPU.ActiveCfg = Release|Any CPU
		{242331D3-30FC-4C82-AEC9-057EA4A556E2}.Release|Any CPU.Build.0 = Release|Any CPU
	EndGlobalSection
	GlobalSection(SolutionProperties) = preSolution
		HideSolutionNode = FALSE
	EndGlobalSection
	GlobalSection(ExtensibilityGlobals) = postSolution
		SolutionGuid = {62C8E1CC-1E40-418F-B56B-BE0FB61AAD4F}
	EndGlobalSection
EndGlobal
